PODS:
  - KIF (3.4.2):
    - KIF/Core (= 3.4.2)
  - KIF/Core (3.4.2)
  - PAYFormBuilder (3.0.0):
    - SZTextView (~> 1.1)
  - SZTextView (1.2.2)

DEPENDENCIES:
  - KIF (~> 3.0)
  - PAYFormBuilder (from `./`)

EXTERNAL SOURCES:
  PAYFormBuilder:
    :path: "./"

SPEC CHECKSUMS:
  KIF: b518c9831453abea5afdbbde3908ec47832d6d56
  PAYFormBuilder: f636b9abd175a2c483d966fd934777424d216382
  SZTextView: 3a81174dce0710a9ab069bc73a813e6df53b9c82

PODFILE CHECKSUM: 51df3bc80275698da412e201f2d8e70277d06fd2

COCOAPODS: 1.0.1
