PODS:
  - KIF (3.4.2):
    - KIF/Core (= 3.4.2)
  - KIF/Core (3.4.2)
  - libextobjc (0.4.1):
    - libextobjc/EXTADT (= 0.4.1)
    - libextobjc/EXTConcreteProtocol (= 0.4.1)
    - libextobjc/EXTKeyPathCoding (= 0.4.1)
    - libextobjc/EXTNil (= 0.4.1)
    - libextobjc/EXTSafeCategory (= 0.4.1)
    - libextobjc/EXTScope (= 0.4.1)
    - libextobjc/EXTSelectorChecking (= 0.4.1)
    - libextobjc/EXTSynthesize (= 0.4.1)
    - libextobjc/NSInvocation+EXT (= 0.4.1)
    - libextobjc/NSMethodSignature+EXT (= 0.4.1)
    - libextobjc/RuntimeExtensions (= 0.4.1)
    - libextobjc/UmbrellaHeader (= 0.4.1)
  - libextobjc/EXTADT (0.4.1):
    - libextobjc/RuntimeExtensions
  - libextobjc/EXTConcreteProtocol (0.4.1):
    - libextobjc/RuntimeExtensions
  - libextobjc/EXTKeyPathCoding (0.4.1):
    - libextobjc/RuntimeExtensions
  - libextobjc/EXTNil (0.4.1):
    - libextobjc/RuntimeExtensions
  - libextobjc/EXTSafeCategory (0.4.1):
    - libextobjc/RuntimeExtensions
  - libextobjc/EXTScope (0.4.1):
    - libextobjc/RuntimeExtensions
  - libextobjc/EXTSelectorChecking (0.4.1):
    - libextobjc/RuntimeExtensions
  - libextobjc/EXTSynthesize (0.4.1):
    - libextobjc/RuntimeExtensions
  - libextobjc/NSInvocation+EXT (0.4.1):
    - libextobjc/RuntimeExtensions
  - libextobjc/NSMethodSignature+EXT (0.4.1):
    - libextobjc/RuntimeExtensions
  - libextobjc/RuntimeExtensions (0.4.1)
  - libextobjc/UmbrellaHeader (0.4.1)
  - PAYFormBuilder (3.0.0):
    - libextobjc (~> 0.4)
    - SZTextView (~> 1.1)
  - SZTextView (1.2.2)

DEPENDENCIES:
  - KIF (~> 3.0)
  - PAYFormBuilder (from `./`)

EXTERNAL SOURCES:
  PAYFormBuilder:
    :path: "./"

SPEC CHECKSUMS:
  KIF: b518c9831453abea5afdbbde3908ec47832d6d56
  libextobjc: a650fc1bf489a3d3a9bc2e621efa3e1006fc5471
  PAYFormBuilder: a67f65f33c6eae19d85715b9a7679ee578fd18e0
  SZTextView: 3a81174dce0710a9ab069bc73a813e6df53b9c82

PODFILE CHECKSUM: 51df3bc80275698da412e201f2d8e70277d06fd2

COCOAPODS: 1.0.1
