// !$*UTF8*$!
{
	archiveVersion = 1;
	classes = {
	};
	objectVersion = 46;
	objects = {

/* Begin PBXBuildFile section */
		3709CE621920DFAB0077BAFF /* PAYValidation.h in Headers */ = {isa = PBXBuildFile; fileRef = 3709CE601920DFAB0077BAFF /* PAYValidation.h */; settings = {ATTRIBUTES = (Public, ); }; };
		3709CE631920DFAB0077BAFF /* PAYValidation.m in Sources */ = {isa = PBXBuildFile; fileRef = 3709CE611920DFAB0077BAFF /* PAYValidation.m */; };
		374F214E19D99F6200217AD7 /* PAYFormBuilder.h in Headers */ = {isa = PBXBuildFile; fileRef = 37906D3018F431D200FC3CC8 /* PAYFormBuilder.h */; settings = {ATTRIBUTES = (Public, ); }; };
		374F214F19D99F6600217AD7 /* PAYFormTableViewController.h in Headers */ = {isa = PBXBuildFile; fileRef = 379651B518F2F1650022151B /* PAYFormTableViewController.h */; settings = {ATTRIBUTES = (Public, ); }; };
		374F215119D99FBC00217AD7 /* PAYFormTable.h in Headers */ = {isa = PBXBuildFile; fileRef = 379651C418F2F1650022151B /* PAYFormTable.h */; settings = {ATTRIBUTES = (Public, ); }; };
		374F215219D99FBF00217AD7 /* PAYFormSection.h in Headers */ = {isa = PBXBuildFile; fileRef = 379651C018F2F1650022151B /* PAYFormSection.h */; settings = {ATTRIBUTES = (Public, ); }; };
		374F215319D99FC200217AD7 /* PAYFormView.h in Headers */ = {isa = PBXBuildFile; fileRef = 379651C818F2F1650022151B /* PAYFormView.h */; settings = {ATTRIBUTES = (Public, ); }; };
		374F215419D99FC700217AD7 /* PAYFormField.h in Headers */ = {isa = PBXBuildFile; fileRef = 379651BA18F2F1650022151B /* PAYFormField.h */; settings = {ATTRIBUTES = (Public, ); }; };
		374F215519D99FCA00217AD7 /* PAYFormTextField.h in Headers */ = {isa = PBXBuildFile; fileRef = 379651C618F2F1650022151B /* PAYFormTextField.h */; settings = {ATTRIBUTES = (Public, ); }; };
		374F215619D99FCE00217AD7 /* PAYFormSingleLineTextField.h in Headers */ = {isa = PBXBuildFile; fileRef = 379651C218F2F1650022151B /* PAYFormSingleLineTextField.h */; settings = {ATTRIBUTES = (Public, ); }; };
		374F215719D99FD200217AD7 /* PAYFormMultiLineTextField.h in Headers */ = {isa = PBXBuildFile; fileRef = 379651BE18F2F1650022151B /* PAYFormMultiLineTextField.h */; settings = {ATTRIBUTES = (Public, ); }; };
		374F215819D99FD700217AD7 /* PAYFormButton.h in Headers */ = {isa = PBXBuildFile; fileRef = 379651B818F2F1650022151B /* PAYFormButton.h */; settings = {ATTRIBUTES = (Public, ); }; };
		374F215919D99FE200217AD7 /* PAYFormHeader.h in Headers */ = {isa = PBXBuildFile; fileRef = 379651BC18F2F1650022151B /* PAYFormHeader.h */; settings = {ATTRIBUTES = (Public, ); }; };
		374F215A19D9A02700217AD7 /* PAYFormDefaultErrorHandler_protected.h in Headers */ = {isa = PBXBuildFile; fileRef = 37A73D1019743FB400381DC9 /* PAYFormDefaultErrorHandler_protected.h */; };
		374F215C19D9A05100217AD7 /* PAYFormSectionBuilder.h in Headers */ = {isa = PBXBuildFile; fileRef = 37A73D231974601D00381DC9 /* PAYFormSectionBuilder.h */; settings = {ATTRIBUTES = (Public, ); }; };
		374F215D19D9A06D00217AD7 /* PAYFormView_protected.h in Headers */ = {isa = PBXBuildFile; fileRef = 3767E3701974334700E45440 /* PAYFormView_protected.h */; };
		374F215E19D9A07100217AD7 /* PAYFormField_protected.h in Headers */ = {isa = PBXBuildFile; fileRef = 3767E3711974339F00E45440 /* PAYFormField_protected.h */; };
		374F215F19D9A07400217AD7 /* PAYFormSingleLineTextField_protected.h in Headers */ = {isa = PBXBuildFile; fileRef = 37A73CE2197434A200381DC9 /* PAYFormSingleLineTextField_protected.h */; };
		374F216019D9A07700217AD7 /* PAYFormMultiLineTextField_protected.h in Headers */ = {isa = PBXBuildFile; fileRef = 37A73CE3197434E600381DC9 /* PAYFormMultiLineTextField_protected.h */; };
		374F216119D9A07B00217AD7 /* PAYFormButtonGroup_protected.h in Headers */ = {isa = PBXBuildFile; fileRef = 37A73CE4197435C100381DC9 /* PAYFormButtonGroup_protected.h */; };
		374F216219D9A07E00217AD7 /* PAYFormSwitch_protected.h in Headers */ = {isa = PBXBuildFile; fileRef = 37A73CEA197438C900381DC9 /* PAYFormSwitch_protected.h */; };
		374F216319D9A08200217AD7 /* PAYFormHeader_protected.h in Headers */ = {isa = PBXBuildFile; fileRef = 37A73CEB1974390100381DC9 /* PAYFormHeader_protected.h */; };
		374F216419D9A09100217AD7 /* PAYFormTableView.h in Headers */ = {isa = PBXBuildFile; fileRef = 379651D218F2F1650022151B /* PAYFormTableView.h */; settings = {ATTRIBUTES = (Private, ); }; };
		374F216519D9A09300217AD7 /* PAYTextLabel.h in Headers */ = {isa = PBXBuildFile; fileRef = 379651D418F2F1650022151B /* PAYTextLabel.h */; settings = {ATTRIBUTES = (Private, ); }; };
		374F216619D9A0A700217AD7 /* UIView+PAYKeyboardHandling_protected.h in Headers */ = {isa = PBXBuildFile; fileRef = 379651CC18F2F1650022151B /* UIView+PAYKeyboardHandling_protected.h */; };
		374F216719D9A0AD00217AD7 /* UIColor+PAYHex.h in Headers */ = {isa = PBXBuildFile; fileRef = 379651F818F3035A0022151B /* UIColor+PAYHex.h */; settings = {ATTRIBUTES = (Private, ); }; };
		374F216819D9A0B200217AD7 /* PAYMessageInterceptor_protected.h in Headers */ = {isa = PBXBuildFile; fileRef = 379651F518F302940022151B /* PAYMessageInterceptor_protected.h */; };
		375DAD70190F052600F4A41D /* PAYHeaderView.h in Headers */ = {isa = PBXBuildFile; fileRef = 375DAD6E190F052600F4A41D /* PAYHeaderView.h */; settings = {ATTRIBUTES = (Private, ); }; };
		375DAD71190F052600F4A41D /* PAYHeaderView.m in Sources */ = {isa = PBXBuildFile; fileRef = 375DAD6F190F052600F4A41D /* PAYHeaderView.m */; };
		3796518118F2F1350022151B /* Foundation.framework in Frameworks */ = {isa = PBXBuildFile; fileRef = 3796518018F2F1350022151B /* Foundation.framework */; };
		3796518F18F2F1350022151B /* XCTest.framework in Frameworks */ = {isa = PBXBuildFile; fileRef = 3796518E18F2F1350022151B /* XCTest.framework */; };
		3796519018F2F1350022151B /* Foundation.framework in Frameworks */ = {isa = PBXBuildFile; fileRef = 3796518018F2F1350022151B /* Foundation.framework */; };
		3796519218F2F1350022151B /* UIKit.framework in Frameworks */ = {isa = PBXBuildFile; fileRef = 3796519118F2F1350022151B /* UIKit.framework */; };
		3796519518F2F1350022151B /* libPAYFormBuilder.a in Frameworks */ = {isa = PBXBuildFile; fileRef = 3796517D18F2F1350022151B /* libPAYFormBuilder.a */; };
		3796519B18F2F1350022151B /* InfoPlist.strings in Resources */ = {isa = PBXBuildFile; fileRef = 3796519918F2F1350022151B /* InfoPlist.strings */; };
		3796519D18F2F1350022151B /* PAYFormBuilderTests.m in Sources */ = {isa = PBXBuildFile; fileRef = 3796519C18F2F1350022151B /* PAYFormBuilderTests.m */; };
		379651D818F2F1650022151B /* PAYFormTableViewController.m in Sources */ = {isa = PBXBuildFile; fileRef = 379651B618F2F1650022151B /* PAYFormTableViewController.m */; };
		379651D918F2F1650022151B /* PAYFormButton.m in Sources */ = {isa = PBXBuildFile; fileRef = 379651B918F2F1650022151B /* PAYFormButton.m */; };
		379651DA18F2F1650022151B /* PAYFormField.m in Sources */ = {isa = PBXBuildFile; fileRef = 379651BB18F2F1650022151B /* PAYFormField.m */; };
		379651DB18F2F1650022151B /* PAYFormHeader.m in Sources */ = {isa = PBXBuildFile; fileRef = 379651BD18F2F1650022151B /* PAYFormHeader.m */; };
		379651DC18F2F1650022151B /* PAYFormMultiLineTextField.m in Sources */ = {isa = PBXBuildFile; fileRef = 379651BF18F2F1650022151B /* PAYFormMultiLineTextField.m */; };
		379651DD18F2F1650022151B /* PAYFormSection.m in Sources */ = {isa = PBXBuildFile; fileRef = 379651C118F2F1650022151B /* PAYFormSection.m */; };
		379651DE18F2F1650022151B /* PAYFormSingleLineTextField.m in Sources */ = {isa = PBXBuildFile; fileRef = 379651C318F2F1650022151B /* PAYFormSingleLineTextField.m */; };
		379651DF18F2F1650022151B /* PAYFormTable.m in Sources */ = {isa = PBXBuildFile; fileRef = 379651C518F2F1650022151B /* PAYFormTable.m */; };
		379651E018F2F1650022151B /* PAYFormTextField.m in Sources */ = {isa = PBXBuildFile; fileRef = 379651C718F2F1650022151B /* PAYFormTextField.m */; };
		379651E118F2F1650022151B /* PAYFormView.m in Sources */ = {isa = PBXBuildFile; fileRef = 379651C918F2F1650022151B /* PAYFormView.m */; };
		379651E218F2F1650022151B /* UIView+PAYKeyboardHandling.m in Sources */ = {isa = PBXBuildFile; fileRef = 379651CD18F2F1650022151B /* UIView+PAYKeyboardHandling.m */; };
		379651E518F2F1650022151B /* PAYFormTableView.m in Sources */ = {isa = PBXBuildFile; fileRef = 379651D318F2F1650022151B /* PAYFormTableView.m */; };
		379651E618F2F1650022151B /* PAYTextLabel.m in Sources */ = {isa = PBXBuildFile; fileRef = 379651D518F2F1650022151B /* PAYTextLabel.m */; };
		379651E818F2F1D10022151B /* UIKit.framework in Frameworks */ = {isa = PBXBuildFile; fileRef = 379651E718F2F1D10022151B /* UIKit.framework */; };
		379651F718F302940022151B /* PAYMessageInterceptor.m in Sources */ = {isa = PBXBuildFile; fileRef = 379651F618F302940022151B /* PAYMessageInterceptor.m */; };
		379651FA18F3035A0022151B /* UIColor+PAYHex.m in Sources */ = {isa = PBXBuildFile; fileRef = 379651F918F3035A0022151B /* UIColor+PAYHex.m */; };
		37A73CF719743D2700381DC9 /* PAYNotifications.h in Headers */ = {isa = PBXBuildFile; fileRef = 37A73CF319743D2700381DC9 /* PAYNotifications.h */; };
		37A73CF819743D2700381DC9 /* PAYNotifications.m in Sources */ = {isa = PBXBuildFile; fileRef = 37A73CF419743D2700381DC9 /* PAYNotifications.m */; };
		37A73D0319743D4200381DC9 /* NSError+PAYComfort.h in Headers */ = {isa = PBXBuildFile; fileRef = 37A73CFB19743D4200381DC9 /* NSError+PAYComfort.h */; settings = {ATTRIBUTES = (Public, ); }; };
		37A73D0419743D4200381DC9 /* NSError+PAYComfort.m in Sources */ = {isa = PBXBuildFile; fileRef = 37A73CFC19743D4200381DC9 /* NSError+PAYComfort.m */; };
		37A73D0519743D4200381DC9 /* PAYFormDefaultErrorHandler.h in Headers */ = {isa = PBXBuildFile; fileRef = 37A73CFD19743D4200381DC9 /* PAYFormDefaultErrorHandler.h */; settings = {ATTRIBUTES = (Public, ); }; };
		37A73D0619743D4200381DC9 /* PAYFormDefaultErrorHandler.m in Sources */ = {isa = PBXBuildFile; fileRef = 37A73CFE19743D4200381DC9 /* PAYFormDefaultErrorHandler.m */; };
		37A73D0719743D4200381DC9 /* PAYFormView+PAYFormDefaultErrorHandler.h in Headers */ = {isa = PBXBuildFile; fileRef = 37A73CFF19743D4200381DC9 /* PAYFormView+PAYFormDefaultErrorHandler.h */; settings = {ATTRIBUTES = (Public, ); }; };
		37A73D0819743D4200381DC9 /* PAYFormView+PAYFormDefaultErrorHandler.m in Sources */ = {isa = PBXBuildFile; fileRef = 37A73D0019743D4200381DC9 /* PAYFormView+PAYFormDefaultErrorHandler.m */; };
		37A73D0919743D4200381DC9 /* PAYFormView+PAYFormDefaultErrorHandlerProtected.h in Headers */ = {isa = PBXBuildFile; fileRef = 37A73D0119743D4200381DC9 /* PAYFormView+PAYFormDefaultErrorHandlerProtected.h */; };
		37A73D0A19743D4200381DC9 /* PAYFormView+PAYFormDefaultErrorHandlerProtected.m in Sources */ = {isa = PBXBuildFile; fileRef = 37A73D0219743D4200381DC9 /* PAYFormView+PAYFormDefaultErrorHandlerProtected.m */; };
		37A73D1519745FCF00381DC9 /* PAYFormErrorMessage.h in Headers */ = {isa = PBXBuildFile; fileRef = 37A73D1319745FCF00381DC9 /* PAYFormErrorMessage.h */; settings = {ATTRIBUTES = (Public, ); }; };
		37A73D1619745FCF00381DC9 /* PAYFormErrorMessage.m in Sources */ = {isa = PBXBuildFile; fileRef = 37A73D1419745FCF00381DC9 /* PAYFormErrorMessage.m */; };
		37A73D191974600900381DC9 /* PAYErrorCodes.h in Headers */ = {isa = PBXBuildFile; fileRef = 37A73D171974600900381DC9 /* PAYErrorCodes.h */; settings = {ATTRIBUTES = (Public, ); }; };
		37A73D1A1974600900381DC9 /* PAYErrorCodes.m in Sources */ = {isa = PBXBuildFile; fileRef = 37A73D181974600900381DC9 /* PAYErrorCodes.m */; };
		37A73D251974601D00381DC9 /* PAYFormButtonGroupBuilder.h in Headers */ = {isa = PBXBuildFile; fileRef = 37A73D1C1974601D00381DC9 /* PAYFormButtonGroupBuilder.h */; settings = {ATTRIBUTES = (Public, ); }; };
		37A73D261974601D00381DC9 /* PAYFormButtonGroupBuilder_protected.h in Headers */ = {isa = PBXBuildFile; fileRef = 37A73D1D1974601D00381DC9 /* PAYFormButtonGroupBuilder_protected.h */; };
		37A73D271974601D00381DC9 /* PAYFormButtonGroupBuilder.m in Sources */ = {isa = PBXBuildFile; fileRef = 37A73D1E1974601D00381DC9 /* PAYFormButtonGroupBuilder.m */; };
		37A73D281974601D00381DC9 /* PAYFormSectionBuilder_protected.h in Headers */ = {isa = PBXBuildFile; fileRef = 37A73D1F1974601D00381DC9 /* PAYFormSectionBuilder_protected.h */; };
		37A73D2A1974601D00381DC9 /* PAYFormTableBuilder_protected.h in Headers */ = {isa = PBXBuildFile; fileRef = 37A73D211974601D00381DC9 /* PAYFormTableBuilder_protected.h */; };
		37A73D2B1974601D00381DC9 /* PAYFormTableBuilder.m in Sources */ = {isa = PBXBuildFile; fileRef = 37A73D221974601D00381DC9 /* PAYFormTableBuilder.m */; };
		37A73D2D1974601D00381DC9 /* PAYFormTableBuilder.h in Headers */ = {isa = PBXBuildFile; fileRef = 37A73D241974601D00381DC9 /* PAYFormTableBuilder.h */; settings = {ATTRIBUTES = (Public, ); }; };
		37AF34A818F8175B00848D49 /* PAYFormButtonGroup.h in Headers */ = {isa = PBXBuildFile; fileRef = 37AF34A618F8175B00848D49 /* PAYFormButtonGroup.h */; settings = {ATTRIBUTES = (Public, ); }; };
		37AF34A918F8175B00848D49 /* PAYFormButtonGroup.m in Sources */ = {isa = PBXBuildFile; fileRef = 37AF34A718F8175B00848D49 /* PAYFormButtonGroup.m */; };
		37AF34B418F8560300848D49 /* PAYFormSwitch.h in Headers */ = {isa = PBXBuildFile; fileRef = 37AF34B218F8560300848D49 /* PAYFormSwitch.h */; settings = {ATTRIBUTES = (Public, ); }; };
		37AF34B518F8560300848D49 /* PAYFormSwitch.m in Sources */ = {isa = PBXBuildFile; fileRef = 37AF34B318F8560300848D49 /* PAYFormSwitch.m */; };
		37E4CE341A093B8000F342A8 /* PAYFormRow.h in Headers */ = {isa = PBXBuildFile; fileRef = 37E4CE321A093B8000F342A8 /* PAYFormRow.h */; settings = {ATTRIBUTES = (Private, ); }; };
		37E4CE351A093B8000F342A8 /* PAYValidatableFormCell.h in Headers */ = {isa = PBXBuildFile; fileRef = 37E4CE331A093B8000F342A8 /* PAYValidatableFormCell.h */; settings = {ATTRIBUTES = (Private, ); }; };
		67950872DF1A010E111BE12F /* libPods-PAYFormBuilder.a in Frameworks */ = {isa = PBXBuildFile; fileRef = 6456A80424BA45ADF9C19F82 /* libPods-PAYFormBuilder.a */; };
		C31424BB1ACD7ADA00B7005D /* PAYFormSectionBuilder.m in Sources */ = {isa = PBXBuildFile; fileRef = 37A73D201974601D00381DC9 /* PAYFormSectionBuilder.m */; };
		C31424BE1ACD7BFC00B7005D /* PAYSwitch.h in Headers */ = {isa = PBXBuildFile; fileRef = C31424BC1ACD7BFC00B7005D /* PAYSwitch.h */; settings = {ATTRIBUTES = (Public, ); }; };
		C31424BF1ACD7BFC00B7005D /* PAYSwitch.m in Sources */ = {isa = PBXBuildFile; fileRef = C31424BD1ACD7BFC00B7005D /* PAYSwitch.m */; };
		C32293CD1ADECB08007E8252 /* PAYFormCellBuilder.h in Headers */ = {isa = PBXBuildFile; fileRef = C32293CB1ADECB08007E8252 /* PAYFormCellBuilder.h */; };
		C32293CE1ADECB08007E8252 /* PAYFormCellBuilder.m in Sources */ = {isa = PBXBuildFile; fileRef = C32293CC1ADECB08007E8252 /* PAYFormCellBuilder.m */; };
		C39503681AD7B6BD0067CF7C /* PAYDefaultLabelThemeContainer.h in Headers */ = {isa = PBXBuildFile; fileRef = C395035A1AD7B6BD0067CF7C /* PAYDefaultLabelThemeContainer.h */; };
		C39503691AD7B6BD0067CF7C /* PAYDefaultLabelThemeContainer.m in Sources */ = {isa = PBXBuildFile; fileRef = C395035B1AD7B6BD0067CF7C /* PAYDefaultLabelThemeContainer.m */; };
		C395036A1AD7B6BD0067CF7C /* PAYDefaultSectionTheme.h in Headers */ = {isa = PBXBuildFile; fileRef = C395035C1AD7B6BD0067CF7C /* PAYDefaultSectionTheme.h */; };
		C395036B1AD7B6BD0067CF7C /* PAYDefaultSectionTheme.m in Sources */ = {isa = PBXBuildFile; fileRef = C395035D1AD7B6BD0067CF7C /* PAYDefaultSectionTheme.m */; };
		C395036C1AD7B6BD0067CF7C /* PAYDefaultTableTheme.h in Headers */ = {isa = PBXBuildFile; fileRef = C395035E1AD7B6BD0067CF7C /* PAYDefaultTableTheme.h */; };
		C395036D1AD7B6BD0067CF7C /* PAYDefaultTableTheme.m in Sources */ = {isa = PBXBuildFile; fileRef = C395035F1AD7B6BD0067CF7C /* PAYDefaultTableTheme.m */; };
		C39503701AD7B6BD0067CF7C /* PAYLabelTheme.h in Headers */ = {isa = PBXBuildFile; fileRef = C39503621AD7B6BD0067CF7C /* PAYLabelTheme.h */; };
		C39503711AD7B6BD0067CF7C /* PAYSectionTheme.h in Headers */ = {isa = PBXBuildFile; fileRef = C39503631AD7B6BD0067CF7C /* PAYSectionTheme.h */; };
		C39503721AD7B6BD0067CF7C /* PAYStyle.h in Headers */ = {isa = PBXBuildFile; fileRef = C39503641AD7B6BD0067CF7C /* PAYStyle.h */; };
		C39503731AD7B6BD0067CF7C /* PAYStyle.m in Sources */ = {isa = PBXBuildFile; fileRef = C39503651AD7B6BD0067CF7C /* PAYStyle.m */; };
		C39503741AD7B6BD0067CF7C /* PAYTableTheme.h in Headers */ = {isa = PBXBuildFile; fileRef = C39503661AD7B6BD0067CF7C /* PAYTableTheme.h */; };
/* End PBXBuildFile section */

/* Begin PBXContainerItemProxy section */
		3796519318F2F1350022151B /* PBXContainerItemProxy */ = {
			isa = PBXContainerItemProxy;
			containerPortal = 3796517518F2F1350022151B /* Project object */;
			proxyType = 1;
			remoteGlobalIDString = 3796517C18F2F1350022151B;
			remoteInfo = PAYFormBuilder;
		};
/* End PBXContainerItemProxy section */

/* Begin PBXCopyFilesBuildPhase section */
		3796517B18F2F1350022151B /* CopyFiles */ = {
			isa = PBXCopyFilesBuildPhase;
			buildActionMask = 2147483647;
			dstPath = "include/$(PRODUCT_NAME)";
			dstSubfolderSpec = 16;
			files = (
			);
			runOnlyForDeploymentPostprocessing = 0;
		};
/* End PBXCopyFilesBuildPhase section */

/* Begin PBXFileReference section */
		3709CE601920DFAB0077BAFF /* PAYValidation.h */ = {isa = PBXFileReference; fileEncoding = 4; lastKnownFileType = sourcecode.c.h; path = PAYValidation.h; sourceTree = "<group>"; };
		3709CE611920DFAB0077BAFF /* PAYValidation.m */ = {isa = PBXFileReference; fileEncoding = 4; lastKnownFileType = sourcecode.c.objc; path = PAYValidation.m; sourceTree = "<group>"; };
		373DA66319D99C840048F2A4 /* libPods.a */ = {isa = PBXFileReference; lastKnownFileType = archive.ar; name = libPods.a; path = "Pods/build/Debug-iphoneos/libPods.a"; sourceTree = "<group>"; };
		3742D14319D9A84F00B78219 /* libPods-BlocksKit.a */ = {isa = PBXFileReference; lastKnownFileType = archive.ar; name = "libPods-BlocksKit.a"; path = "Pods/build/Debug-iphoneos/libPods-BlocksKit.a"; sourceTree = "<group>"; };
		3742D14419D9A84F00B78219 /* libPods-libextobjc.a */ = {isa = PBXFileReference; lastKnownFileType = archive.ar; name = "libPods-libextobjc.a"; path = "Pods/build/Debug-iphoneos/libPods-libextobjc.a"; sourceTree = "<group>"; };
		3742D14519D9A84F00B78219 /* libPods-SZTextView.a */ = {isa = PBXFileReference; lastKnownFileType = archive.ar; name = "libPods-SZTextView.a"; path = "Pods/build/Debug-iphoneos/libPods-SZTextView.a"; sourceTree = "<group>"; };
		375DAD6E190F052600F4A41D /* PAYHeaderView.h */ = {isa = PBXFileReference; fileEncoding = 4; lastKnownFileType = sourcecode.c.h; path = PAYHeaderView.h; sourceTree = "<group>"; };
		375DAD6F190F052600F4A41D /* PAYHeaderView.m */ = {isa = PBXFileReference; fileEncoding = 4; lastKnownFileType = sourcecode.c.objc; path = PAYHeaderView.m; sourceTree = "<group>"; };
		3767E3701974334700E45440 /* PAYFormView_protected.h */ = {isa = PBXFileReference; lastKnownFileType = sourcecode.c.h; path = PAYFormView_protected.h; sourceTree = "<group>"; };
		3767E3711974339F00E45440 /* PAYFormField_protected.h */ = {isa = PBXFileReference; lastKnownFileType = sourcecode.c.h; path = PAYFormField_protected.h; sourceTree = "<group>"; };
		37906D3018F431D200FC3CC8 /* PAYFormBuilder.h */ = {isa = PBXFileReference; fileEncoding = 4; lastKnownFileType = sourcecode.c.h; path = PAYFormBuilder.h; sourceTree = "<group>"; };
		3796517D18F2F1350022151B /* libPAYFormBuilder.a */ = {isa = PBXFileReference; explicitFileType = archive.ar; includeInIndex = 0; path = libPAYFormBuilder.a; sourceTree = BUILT_PRODUCTS_DIR; };
		3796518018F2F1350022151B /* Foundation.framework */ = {isa = PBXFileReference; lastKnownFileType = wrapper.framework; name = Foundation.framework; path = System/Library/Frameworks/Foundation.framework; sourceTree = SDKROOT; };
		3796518418F2F1350022151B /* PAYFormBuilder-Prefix.pch */ = {isa = PBXFileReference; lastKnownFileType = sourcecode.c.h; path = "PAYFormBuilder-Prefix.pch"; sourceTree = "<group>"; };
		3796518D18F2F1350022151B /* PAYFormBuilderTests.xctest */ = {isa = PBXFileReference; explicitFileType = wrapper.cfbundle; includeInIndex = 0; path = PAYFormBuilderTests.xctest; sourceTree = BUILT_PRODUCTS_DIR; };
		3796518E18F2F1350022151B /* XCTest.framework */ = {isa = PBXFileReference; lastKnownFileType = wrapper.framework; name = XCTest.framework; path = Library/Frameworks/XCTest.framework; sourceTree = DEVELOPER_DIR; };
		3796519118F2F1350022151B /* UIKit.framework */ = {isa = PBXFileReference; lastKnownFileType = wrapper.framework; name = UIKit.framework; path = Library/Frameworks/UIKit.framework; sourceTree = DEVELOPER_DIR; };
		3796519818F2F1350022151B /* PAYFormBuilderTests-Info.plist */ = {isa = PBXFileReference; lastKnownFileType = text.plist.xml; path = "PAYFormBuilderTests-Info.plist"; sourceTree = "<group>"; };
		3796519A18F2F1350022151B /* en */ = {isa = PBXFileReference; lastKnownFileType = text.plist.strings; name = en; path = en.lproj/InfoPlist.strings; sourceTree = "<group>"; };
		3796519C18F2F1350022151B /* PAYFormBuilderTests.m */ = {isa = PBXFileReference; lastKnownFileType = sourcecode.c.objc; path = PAYFormBuilderTests.m; sourceTree = "<group>"; };
		379651B518F2F1650022151B /* PAYFormTableViewController.h */ = {isa = PBXFileReference; fileEncoding = 4; lastKnownFileType = sourcecode.c.h; path = PAYFormTableViewController.h; sourceTree = "<group>"; };
		379651B618F2F1650022151B /* PAYFormTableViewController.m */ = {isa = PBXFileReference; fileEncoding = 4; lastKnownFileType = sourcecode.c.objc; path = PAYFormTableViewController.m; sourceTree = "<group>"; };
		379651B818F2F1650022151B /* PAYFormButton.h */ = {isa = PBXFileReference; fileEncoding = 4; lastKnownFileType = sourcecode.c.h; path = PAYFormButton.h; sourceTree = "<group>"; };
		379651B918F2F1650022151B /* PAYFormButton.m */ = {isa = PBXFileReference; fileEncoding = 4; lastKnownFileType = sourcecode.c.objc; path = PAYFormButton.m; sourceTree = "<group>"; };
		379651BA18F2F1650022151B /* PAYFormField.h */ = {isa = PBXFileReference; fileEncoding = 4; lastKnownFileType = sourcecode.c.h; path = PAYFormField.h; sourceTree = "<group>"; };
		379651BB18F2F1650022151B /* PAYFormField.m */ = {isa = PBXFileReference; fileEncoding = 4; lastKnownFileType = sourcecode.c.objc; path = PAYFormField.m; sourceTree = "<group>"; };
		379651BC18F2F1650022151B /* PAYFormHeader.h */ = {isa = PBXFileReference; fileEncoding = 4; lastKnownFileType = sourcecode.c.h; path = PAYFormHeader.h; sourceTree = "<group>"; };
		379651BD18F2F1650022151B /* PAYFormHeader.m */ = {isa = PBXFileReference; fileEncoding = 4; lastKnownFileType = sourcecode.c.objc; path = PAYFormHeader.m; sourceTree = "<group>"; };
		379651BE18F2F1650022151B /* PAYFormMultiLineTextField.h */ = {isa = PBXFileReference; fileEncoding = 4; lastKnownFileType = sourcecode.c.h; path = PAYFormMultiLineTextField.h; sourceTree = "<group>"; };
		379651BF18F2F1650022151B /* PAYFormMultiLineTextField.m */ = {isa = PBXFileReference; fileEncoding = 4; lastKnownFileType = sourcecode.c.objc; path = PAYFormMultiLineTextField.m; sourceTree = "<group>"; };
		379651C018F2F1650022151B /* PAYFormSection.h */ = {isa = PBXFileReference; fileEncoding = 4; lastKnownFileType = sourcecode.c.h; path = PAYFormSection.h; sourceTree = "<group>"; };
		379651C118F2F1650022151B /* PAYFormSection.m */ = {isa = PBXFileReference; fileEncoding = 4; lastKnownFileType = sourcecode.c.objc; path = PAYFormSection.m; sourceTree = "<group>"; };
		379651C218F2F1650022151B /* PAYFormSingleLineTextField.h */ = {isa = PBXFileReference; fileEncoding = 4; lastKnownFileType = sourcecode.c.h; path = PAYFormSingleLineTextField.h; sourceTree = "<group>"; };
		379651C318F2F1650022151B /* PAYFormSingleLineTextField.m */ = {isa = PBXFileReference; fileEncoding = 4; lastKnownFileType = sourcecode.c.objc; path = PAYFormSingleLineTextField.m; sourceTree = "<group>"; };
		379651C418F2F1650022151B /* PAYFormTable.h */ = {isa = PBXFileReference; fileEncoding = 4; lastKnownFileType = sourcecode.c.h; path = PAYFormTable.h; sourceTree = "<group>"; };
		379651C518F2F1650022151B /* PAYFormTable.m */ = {isa = PBXFileReference; fileEncoding = 4; lastKnownFileType = sourcecode.c.objc; path = PAYFormTable.m; sourceTree = "<group>"; };
		379651C618F2F1650022151B /* PAYFormTextField.h */ = {isa = PBXFileReference; fileEncoding = 4; lastKnownFileType = sourcecode.c.h; path = PAYFormTextField.h; sourceTree = "<group>"; };
		379651C718F2F1650022151B /* PAYFormTextField.m */ = {isa = PBXFileReference; fileEncoding = 4; lastKnownFileType = sourcecode.c.objc; lineEnding = 0; path = PAYFormTextField.m; sourceTree = "<group>"; };
		379651C818F2F1650022151B /* PAYFormView.h */ = {isa = PBXFileReference; fileEncoding = 4; lastKnownFileType = sourcecode.c.h; path = PAYFormView.h; sourceTree = "<group>"; };
		379651C918F2F1650022151B /* PAYFormView.m */ = {isa = PBXFileReference; fileEncoding = 4; lastKnownFileType = sourcecode.c.objc; path = PAYFormView.m; sourceTree = "<group>"; };
		379651CC18F2F1650022151B /* UIView+PAYKeyboardHandling_protected.h */ = {isa = PBXFileReference; fileEncoding = 4; lastKnownFileType = sourcecode.c.h; name = "UIView+PAYKeyboardHandling_protected.h"; path = "../view/categories/UIView+PAYKeyboardHandling_protected.h"; sourceTree = "<group>"; };
		379651CD18F2F1650022151B /* UIView+PAYKeyboardHandling.m */ = {isa = PBXFileReference; fileEncoding = 4; lastKnownFileType = sourcecode.c.objc; name = "UIView+PAYKeyboardHandling.m"; path = "../view/categories/UIView+PAYKeyboardHandling.m"; sourceTree = "<group>"; };
		379651D218F2F1650022151B /* PAYFormTableView.h */ = {isa = PBXFileReference; fileEncoding = 4; lastKnownFileType = sourcecode.c.h; path = PAYFormTableView.h; sourceTree = "<group>"; };
		379651D318F2F1650022151B /* PAYFormTableView.m */ = {isa = PBXFileReference; fileEncoding = 4; lastKnownFileType = sourcecode.c.objc; path = PAYFormTableView.m; sourceTree = "<group>"; };
		379651D418F2F1650022151B /* PAYTextLabel.h */ = {isa = PBXFileReference; fileEncoding = 4; lastKnownFileType = sourcecode.c.h; path = PAYTextLabel.h; sourceTree = "<group>"; };
		379651D518F2F1650022151B /* PAYTextLabel.m */ = {isa = PBXFileReference; fileEncoding = 4; lastKnownFileType = sourcecode.c.objc; path = PAYTextLabel.m; sourceTree = "<group>"; };
		379651E718F2F1D10022151B /* UIKit.framework */ = {isa = PBXFileReference; lastKnownFileType = wrapper.framework; name = UIKit.framework; path = System/Library/Frameworks/UIKit.framework; sourceTree = SDKROOT; };
		379651F518F302940022151B /* PAYMessageInterceptor_protected.h */ = {isa = PBXFileReference; fileEncoding = 4; lastKnownFileType = sourcecode.c.h; path = PAYMessageInterceptor_protected.h; sourceTree = "<group>"; };
		379651F618F302940022151B /* PAYMessageInterceptor.m */ = {isa = PBXFileReference; fileEncoding = 4; lastKnownFileType = sourcecode.c.objc; path = PAYMessageInterceptor.m; sourceTree = "<group>"; };
		379651F818F3035A0022151B /* UIColor+PAYHex.h */ = {isa = PBXFileReference; fileEncoding = 4; lastKnownFileType = sourcecode.c.h; path = "UIColor+PAYHex.h"; sourceTree = "<group>"; };
		379651F918F3035A0022151B /* UIColor+PAYHex.m */ = {isa = PBXFileReference; fileEncoding = 4; lastKnownFileType = sourcecode.c.objc; path = "UIColor+PAYHex.m"; sourceTree = "<group>"; };
		37A73CE2197434A200381DC9 /* PAYFormSingleLineTextField_protected.h */ = {isa = PBXFileReference; lastKnownFileType = sourcecode.c.h; path = PAYFormSingleLineTextField_protected.h; sourceTree = "<group>"; };
		37A73CE3197434E600381DC9 /* PAYFormMultiLineTextField_protected.h */ = {isa = PBXFileReference; lastKnownFileType = sourcecode.c.h; path = PAYFormMultiLineTextField_protected.h; sourceTree = "<group>"; };
		37A73CE4197435C100381DC9 /* PAYFormButtonGroup_protected.h */ = {isa = PBXFileReference; lastKnownFileType = sourcecode.c.h; path = PAYFormButtonGroup_protected.h; sourceTree = "<group>"; };
		37A73CE91974389700381DC9 /* PAYFormButton_protected.h */ = {isa = PBXFileReference; lastKnownFileType = sourcecode.c.h; path = PAYFormButton_protected.h; sourceTree = "<group>"; };
		37A73CEA197438C900381DC9 /* PAYFormSwitch_protected.h */ = {isa = PBXFileReference; lastKnownFileType = sourcecode.c.h; path = PAYFormSwitch_protected.h; sourceTree = "<group>"; };
		37A73CEB1974390100381DC9 /* PAYFormHeader_protected.h */ = {isa = PBXFileReference; lastKnownFileType = sourcecode.c.h; path = PAYFormHeader_protected.h; sourceTree = "<group>"; };
		37A73CF319743D2700381DC9 /* PAYNotifications.h */ = {isa = PBXFileReference; fileEncoding = 4; lastKnownFileType = sourcecode.c.h; path = PAYNotifications.h; sourceTree = "<group>"; };
		37A73CF419743D2700381DC9 /* PAYNotifications.m */ = {isa = PBXFileReference; fileEncoding = 4; lastKnownFileType = sourcecode.c.objc; path = PAYNotifications.m; sourceTree = "<group>"; };
		37A73CFB19743D4200381DC9 /* NSError+PAYComfort.h */ = {isa = PBXFileReference; fileEncoding = 4; lastKnownFileType = sourcecode.c.h; path = "NSError+PAYComfort.h"; sourceTree = "<group>"; };
		37A73CFC19743D4200381DC9 /* NSError+PAYComfort.m */ = {isa = PBXFileReference; fileEncoding = 4; lastKnownFileType = sourcecode.c.objc; path = "NSError+PAYComfort.m"; sourceTree = "<group>"; };
		37A73CFD19743D4200381DC9 /* PAYFormDefaultErrorHandler.h */ = {isa = PBXFileReference; fileEncoding = 4; lastKnownFileType = sourcecode.c.h; path = PAYFormDefaultErrorHandler.h; sourceTree = "<group>"; };
		37A73CFE19743D4200381DC9 /* PAYFormDefaultErrorHandler.m */ = {isa = PBXFileReference; fileEncoding = 4; lastKnownFileType = sourcecode.c.objc; path = PAYFormDefaultErrorHandler.m; sourceTree = "<group>"; };
		37A73CFF19743D4200381DC9 /* PAYFormView+PAYFormDefaultErrorHandler.h */ = {isa = PBXFileReference; fileEncoding = 4; lastKnownFileType = sourcecode.c.h; path = "PAYFormView+PAYFormDefaultErrorHandler.h"; sourceTree = "<group>"; };
		37A73D0019743D4200381DC9 /* PAYFormView+PAYFormDefaultErrorHandler.m */ = {isa = PBXFileReference; fileEncoding = 4; lastKnownFileType = sourcecode.c.objc; path = "PAYFormView+PAYFormDefaultErrorHandler.m"; sourceTree = "<group>"; };
		37A73D0119743D4200381DC9 /* PAYFormView+PAYFormDefaultErrorHandlerProtected.h */ = {isa = PBXFileReference; fileEncoding = 4; lastKnownFileType = sourcecode.c.h; path = "PAYFormView+PAYFormDefaultErrorHandlerProtected.h"; sourceTree = "<group>"; };
		37A73D0219743D4200381DC9 /* PAYFormView+PAYFormDefaultErrorHandlerProtected.m */ = {isa = PBXFileReference; fileEncoding = 4; lastKnownFileType = sourcecode.c.objc; path = "PAYFormView+PAYFormDefaultErrorHandlerProtected.m"; sourceTree = "<group>"; };
		37A73D1019743FB400381DC9 /* PAYFormDefaultErrorHandler_protected.h */ = {isa = PBXFileReference; lastKnownFileType = sourcecode.c.h; path = PAYFormDefaultErrorHandler_protected.h; sourceTree = "<group>"; };
		37A73D11197445F800381DC9 /* PAYFormErrorMessage_protected.h */ = {isa = PBXFileReference; lastKnownFileType = sourcecode.c.h; path = PAYFormErrorMessage_protected.h; sourceTree = "<group>"; };
		37A73D1319745FCF00381DC9 /* PAYFormErrorMessage.h */ = {isa = PBXFileReference; fileEncoding = 4; lastKnownFileType = sourcecode.c.h; path = PAYFormErrorMessage.h; sourceTree = "<group>"; };
		37A73D1419745FCF00381DC9 /* PAYFormErrorMessage.m */ = {isa = PBXFileReference; fileEncoding = 4; lastKnownFileType = sourcecode.c.objc; path = PAYFormErrorMessage.m; sourceTree = "<group>"; };
		37A73D171974600900381DC9 /* PAYErrorCodes.h */ = {isa = PBXFileReference; fileEncoding = 4; lastKnownFileType = sourcecode.c.h; path = PAYErrorCodes.h; sourceTree = "<group>"; };
		37A73D181974600900381DC9 /* PAYErrorCodes.m */ = {isa = PBXFileReference; fileEncoding = 4; lastKnownFileType = sourcecode.c.objc; path = PAYErrorCodes.m; sourceTree = "<group>"; };
		37A73D1C1974601D00381DC9 /* PAYFormButtonGroupBuilder.h */ = {isa = PBXFileReference; fileEncoding = 4; lastKnownFileType = sourcecode.c.h; path = PAYFormButtonGroupBuilder.h; sourceTree = "<group>"; };
		37A73D1D1974601D00381DC9 /* PAYFormButtonGroupBuilder_protected.h */ = {isa = PBXFileReference; fileEncoding = 4; lastKnownFileType = sourcecode.c.h; path = PAYFormButtonGroupBuilder_protected.h; sourceTree = "<group>"; };
		37A73D1E1974601D00381DC9 /* PAYFormButtonGroupBuilder.m */ = {isa = PBXFileReference; fileEncoding = 4; lastKnownFileType = sourcecode.c.objc; path = PAYFormButtonGroupBuilder.m; sourceTree = "<group>"; };
		37A73D1F1974601D00381DC9 /* PAYFormSectionBuilder_protected.h */ = {isa = PBXFileReference; fileEncoding = 4; lastKnownFileType = sourcecode.c.h; path = PAYFormSectionBuilder_protected.h; sourceTree = "<group>"; };
		37A73D201974601D00381DC9 /* PAYFormSectionBuilder.m */ = {isa = PBXFileReference; fileEncoding = 4; lastKnownFileType = sourcecode.c.objc; path = PAYFormSectionBuilder.m; sourceTree = "<group>"; };
		37A73D211974601D00381DC9 /* PAYFormTableBuilder_protected.h */ = {isa = PBXFileReference; fileEncoding = 4; lastKnownFileType = sourcecode.c.h; path = PAYFormTableBuilder_protected.h; sourceTree = "<group>"; };
		37A73D221974601D00381DC9 /* PAYFormTableBuilder.m */ = {isa = PBXFileReference; fileEncoding = 4; lastKnownFileType = sourcecode.c.objc; path = PAYFormTableBuilder.m; sourceTree = "<group>"; };
		37A73D231974601D00381DC9 /* PAYFormSectionBuilder.h */ = {isa = PBXFileReference; fileEncoding = 4; lastKnownFileType = sourcecode.c.h; path = PAYFormSectionBuilder.h; sourceTree = "<group>"; };
		37A73D241974601D00381DC9 /* PAYFormTableBuilder.h */ = {isa = PBXFileReference; fileEncoding = 4; lastKnownFileType = sourcecode.c.h; path = PAYFormTableBuilder.h; sourceTree = "<group>"; };
		37AF34A618F8175B00848D49 /* PAYFormButtonGroup.h */ = {isa = PBXFileReference; fileEncoding = 4; lastKnownFileType = sourcecode.c.h; path = PAYFormButtonGroup.h; sourceTree = "<group>"; };
		37AF34A718F8175B00848D49 /* PAYFormButtonGroup.m */ = {isa = PBXFileReference; fileEncoding = 4; lastKnownFileType = sourcecode.c.objc; path = PAYFormButtonGroup.m; sourceTree = "<group>"; };
		37AF34B218F8560300848D49 /* PAYFormSwitch.h */ = {isa = PBXFileReference; fileEncoding = 4; lastKnownFileType = sourcecode.c.h; path = PAYFormSwitch.h; sourceTree = "<group>"; };
		37AF34B318F8560300848D49 /* PAYFormSwitch.m */ = {isa = PBXFileReference; fileEncoding = 4; lastKnownFileType = sourcecode.c.objc; path = PAYFormSwitch.m; sourceTree = "<group>"; };
		37E4CE321A093B8000F342A8 /* PAYFormRow.h */ = {isa = PBXFileReference; fileEncoding = 4; lastKnownFileType = sourcecode.c.h; path = PAYFormRow.h; sourceTree = "<group>"; };
		37E4CE331A093B8000F342A8 /* PAYValidatableFormCell.h */ = {isa = PBXFileReference; fileEncoding = 4; lastKnownFileType = sourcecode.c.h; path = PAYValidatableFormCell.h; sourceTree = "<group>"; };
		4CA1C63E5DFA4210863FCCEF /* libPods.a */ = {isa = PBXFileReference; explicitFileType = archive.ar; includeInIndex = 0; path = libPods.a; sourceTree = BUILT_PRODUCTS_DIR; };
		6456A80424BA45ADF9C19F82 /* libPods-PAYFormBuilder.a */ = {isa = PBXFileReference; explicitFileType = archive.ar; includeInIndex = 0; path = "libPods-PAYFormBuilder.a"; sourceTree = BUILT_PRODUCTS_DIR; };
		C31424BC1ACD7BFC00B7005D /* PAYSwitch.h */ = {isa = PBXFileReference; fileEncoding = 4; lastKnownFileType = sourcecode.c.h; path = PAYSwitch.h; sourceTree = "<group>"; };
		C31424BD1ACD7BFC00B7005D /* PAYSwitch.m */ = {isa = PBXFileReference; fileEncoding = 4; lastKnownFileType = sourcecode.c.objc; path = PAYSwitch.m; sourceTree = "<group>"; };
		C32293CB1ADECB08007E8252 /* PAYFormCellBuilder.h */ = {isa = PBXFileReference; fileEncoding = 4; lastKnownFileType = sourcecode.c.h; path = PAYFormCellBuilder.h; sourceTree = "<group>"; };
		C32293CC1ADECB08007E8252 /* PAYFormCellBuilder.m */ = {isa = PBXFileReference; fileEncoding = 4; lastKnownFileType = sourcecode.c.objc; path = PAYFormCellBuilder.m; sourceTree = "<group>"; };
		C395035A1AD7B6BD0067CF7C /* PAYDefaultLabelThemeContainer.h */ = {isa = PBXFileReference; fileEncoding = 4; lastKnownFileType = sourcecode.c.h; path = PAYDefaultLabelThemeContainer.h; sourceTree = "<group>"; };
		C395035B1AD7B6BD0067CF7C /* PAYDefaultLabelThemeContainer.m */ = {isa = PBXFileReference; fileEncoding = 4; lastKnownFileType = sourcecode.c.objc; path = PAYDefaultLabelThemeContainer.m; sourceTree = "<group>"; };
		C395035C1AD7B6BD0067CF7C /* PAYDefaultSectionTheme.h */ = {isa = PBXFileReference; fileEncoding = 4; lastKnownFileType = sourcecode.c.h; path = PAYDefaultSectionTheme.h; sourceTree = "<group>"; };
		C395035D1AD7B6BD0067CF7C /* PAYDefaultSectionTheme.m */ = {isa = PBXFileReference; fileEncoding = 4; lastKnownFileType = sourcecode.c.objc; path = PAYDefaultSectionTheme.m; sourceTree = "<group>"; };
		C395035E1AD7B6BD0067CF7C /* PAYDefaultTableTheme.h */ = {isa = PBXFileReference; fileEncoding = 4; lastKnownFileType = sourcecode.c.h; path = PAYDefaultTableTheme.h; sourceTree = "<group>"; };
		C395035F1AD7B6BD0067CF7C /* PAYDefaultTableTheme.m */ = {isa = PBXFileReference; fileEncoding = 4; lastKnownFileType = sourcecode.c.objc; path = PAYDefaultTableTheme.m; sourceTree = "<group>"; };
		C39503621AD7B6BD0067CF7C /* PAYLabelTheme.h */ = {isa = PBXFileReference; fileEncoding = 4; lastKnownFileType = sourcecode.c.h; path = PAYLabelTheme.h; sourceTree = "<group>"; };
		C39503631AD7B6BD0067CF7C /* PAYSectionTheme.h */ = {isa = PBXFileReference; fileEncoding = 4; lastKnownFileType = sourcecode.c.h; path = PAYSectionTheme.h; sourceTree = "<group>"; };
		C39503641AD7B6BD0067CF7C /* PAYStyle.h */ = {isa = PBXFileReference; fileEncoding = 4; lastKnownFileType = sourcecode.c.h; path = PAYStyle.h; sourceTree = "<group>"; };
		C39503651AD7B6BD0067CF7C /* PAYStyle.m */ = {isa = PBXFileReference; fileEncoding = 4; lastKnownFileType = sourcecode.c.objc; path = PAYStyle.m; sourceTree = "<group>"; };
		C39503661AD7B6BD0067CF7C /* PAYTableTheme.h */ = {isa = PBXFileReference; fileEncoding = 4; lastKnownFileType = sourcecode.c.h; path = PAYTableTheme.h; sourceTree = "<group>"; };
		D86196D26711FD2A41EBC5A9 /* Pods-PAYFormBuilder.debug.xcconfig */ = {isa = PBXFileReference; includeInIndex = 1; lastKnownFileType = text.xcconfig; name = "Pods-PAYFormBuilder.debug.xcconfig"; path = "Pods/Target Support Files/Pods-PAYFormBuilder/Pods-PAYFormBuilder.debug.xcconfig"; sourceTree = "<group>"; };
		F0764EA0B93FE161F590044A /* Pods-PAYFormBuilder.release.xcconfig */ = {isa = PBXFileReference; includeInIndex = 1; lastKnownFileType = text.xcconfig; name = "Pods-PAYFormBuilder.release.xcconfig"; path = "Pods/Target Support Files/Pods-PAYFormBuilder/Pods-PAYFormBuilder.release.xcconfig"; sourceTree = "<group>"; };
/* End PBXFileReference section */

/* Begin PBXFrameworksBuildPhase section */
		3796517A18F2F1350022151B /* Frameworks */ = {
			isa = PBXFrameworksBuildPhase;
			buildActionMask = 2147483647;
			files = (
				379651E818F2F1D10022151B /* UIKit.framework in Frameworks */,
				3796518118F2F1350022151B /* Foundation.framework in Frameworks */,
				67950872DF1A010E111BE12F /* libPods-PAYFormBuilder.a in Frameworks */,
			);
			runOnlyForDeploymentPostprocessing = 0;
		};
		3796518A18F2F1350022151B /* Frameworks */ = {
			isa = PBXFrameworksBuildPhase;
			buildActionMask = 2147483647;
			files = (
				3796518F18F2F1350022151B /* XCTest.framework in Frameworks */,
				3796519218F2F1350022151B /* UIKit.framework in Frameworks */,
				3796519518F2F1350022151B /* libPAYFormBuilder.a in Frameworks */,
				3796519018F2F1350022151B /* Foundation.framework in Frameworks */,
			);
			runOnlyForDeploymentPostprocessing = 0;
		};
/* End PBXFrameworksBuildPhase section */

/* Begin PBXGroup section */
		3796517418F2F1350022151B = {
			isa = PBXGroup;
			children = (
				3796518218F2F1350022151B /* PAYFormBuilder */,
				3796519618F2F1350022151B /* PAYFormBuilderTests */,
				3796517F18F2F1350022151B /* Frameworks */,
				3796517E18F2F1350022151B /* Products */,
				8833E89C7CBC5FB17266CDDF /* Pods */,
			);
			sourceTree = "<group>";
		};
		3796517E18F2F1350022151B /* Products */ = {
			isa = PBXGroup;
			children = (
				3796517D18F2F1350022151B /* libPAYFormBuilder.a */,
				3796518D18F2F1350022151B /* PAYFormBuilderTests.xctest */,
			);
			name = Products;
			sourceTree = "<group>";
		};
		3796517F18F2F1350022151B /* Frameworks */ = {
			isa = PBXGroup;
			children = (
				3742D14319D9A84F00B78219 /* libPods-BlocksKit.a */,
				3742D14419D9A84F00B78219 /* libPods-libextobjc.a */,
				3742D14519D9A84F00B78219 /* libPods-SZTextView.a */,
				373DA66319D99C840048F2A4 /* libPods.a */,
				379651E718F2F1D10022151B /* UIKit.framework */,
				3796518018F2F1350022151B /* Foundation.framework */,
				3796518E18F2F1350022151B /* XCTest.framework */,
				3796519118F2F1350022151B /* UIKit.framework */,
				4CA1C63E5DFA4210863FCCEF /* libPods.a */,
				6456A80424BA45ADF9C19F82 /* libPods-PAYFormBuilder.a */,
			);
			name = Frameworks;
			sourceTree = "<group>";
		};
		3796518218F2F1350022151B /* PAYFormBuilder */ = {
			isa = PBXGroup;
			children = (
				37906D3018F431D200FC3CC8 /* PAYFormBuilder.h */,
				37A73CF119743D2700381DC9 /* privateProtocols */,
				379651AF18F2F1650022151B /* controller */,
				379651CA18F2F1650022151B /* view */,
				379651F418F302940022151B /* utils */,
				3796518318F2F1350022151B /* Supporting Files */,
			);
			path = PAYFormBuilder;
			sourceTree = "<group>";
		};
		3796518318F2F1350022151B /* Supporting Files */ = {
			isa = PBXGroup;
			children = (
				3796518418F2F1350022151B /* PAYFormBuilder-Prefix.pch */,
			);
			name = "Supporting Files";
			sourceTree = "<group>";
		};
		3796519618F2F1350022151B /* PAYFormBuilderTests */ = {
			isa = PBXGroup;
			children = (
				3796519C18F2F1350022151B /* PAYFormBuilderTests.m */,
				3796519718F2F1350022151B /* Supporting Files */,
			);
			path = PAYFormBuilderTests;
			sourceTree = "<group>";
		};
		3796519718F2F1350022151B /* Supporting Files */ = {
			isa = PBXGroup;
			children = (
				3796519818F2F1350022151B /* PAYFormBuilderTests-Info.plist */,
				3796519918F2F1350022151B /* InfoPlist.strings */,
			);
			name = "Supporting Files";
			sourceTree = "<group>";
		};
		379651AF18F2F1650022151B /* controller */ = {
			isa = PBXGroup;
			children = (
				379651B518F2F1650022151B /* PAYFormTableViewController.h */,
				379651B618F2F1650022151B /* PAYFormTableViewController.m */,
				37A73D1B1974601D00381DC9 /* builder */,
				37A73CFA19743D4200381DC9 /* errorHandling */,
				379651B718F2F1650022151B /* viewHolder */,
			);
			path = controller;
			sourceTree = "<group>";
		};
		379651B718F2F1650022151B /* viewHolder */ = {
			isa = PBXGroup;
			children = (
				37E4CE321A093B8000F342A8 /* PAYFormRow.h */,
				37E4CE331A093B8000F342A8 /* PAYValidatableFormCell.h */,
				379651C418F2F1650022151B /* PAYFormTable.h */,
				379651C518F2F1650022151B /* PAYFormTable.m */,
				379651C018F2F1650022151B /* PAYFormSection.h */,
				379651C118F2F1650022151B /* PAYFormSection.m */,
				379651C818F2F1650022151B /* PAYFormView.h */,
				3767E3701974334700E45440 /* PAYFormView_protected.h */,
				379651C918F2F1650022151B /* PAYFormView.m */,
				379651BA18F2F1650022151B /* PAYFormField.h */,
				3767E3711974339F00E45440 /* PAYFormField_protected.h */,
				379651BB18F2F1650022151B /* PAYFormField.m */,
				379651C618F2F1650022151B /* PAYFormTextField.h */,
				379651C718F2F1650022151B /* PAYFormTextField.m */,
				379651C218F2F1650022151B /* PAYFormSingleLineTextField.h */,
				37A73CE2197434A200381DC9 /* PAYFormSingleLineTextField_protected.h */,
				379651C318F2F1650022151B /* PAYFormSingleLineTextField.m */,
				379651BE18F2F1650022151B /* PAYFormMultiLineTextField.h */,
				37A73CE3197434E600381DC9 /* PAYFormMultiLineTextField_protected.h */,
				379651BF18F2F1650022151B /* PAYFormMultiLineTextField.m */,
				379651B818F2F1650022151B /* PAYFormButton.h */,
				37A73CE91974389700381DC9 /* PAYFormButton_protected.h */,
				379651B918F2F1650022151B /* PAYFormButton.m */,
				37AF34A618F8175B00848D49 /* PAYFormButtonGroup.h */,
				37A73CE4197435C100381DC9 /* PAYFormButtonGroup_protected.h */,
				37AF34A718F8175B00848D49 /* PAYFormButtonGroup.m */,
				37AF34B218F8560300848D49 /* PAYFormSwitch.h */,
				37A73CEA197438C900381DC9 /* PAYFormSwitch_protected.h */,
				37AF34B318F8560300848D49 /* PAYFormSwitch.m */,
				379651BC18F2F1650022151B /* PAYFormHeader.h */,
				37A73CEB1974390100381DC9 /* PAYFormHeader_protected.h */,
				379651BD18F2F1650022151B /* PAYFormHeader.m */,
			);
			name = viewHolder;
			path = ViewHolder;
			sourceTree = "<group>";
		};
		379651CA18F2F1650022151B /* view */ = {
			isa = PBXGroup;
			children = (
				379651D218F2F1650022151B /* PAYFormTableView.h */,
				379651D318F2F1650022151B /* PAYFormTableView.m */,
				379651D418F2F1650022151B /* PAYTextLabel.h */,
				379651D518F2F1650022151B /* PAYTextLabel.m */,
				375DAD6E190F052600F4A41D /* PAYHeaderView.h */,
				375DAD6F190F052600F4A41D /* PAYHeaderView.m */,
				C31424BC1ACD7BFC00B7005D /* PAYSwitch.h */,
				C31424BD1ACD7BFC00B7005D /* PAYSwitch.m */,
			);
			path = view;
			sourceTree = "<group>";
		};
		379651F418F302940022151B /* utils */ = {
			isa = PBXGroup;
			children = (
				379651F518F302940022151B /* PAYMessageInterceptor_protected.h */,
				379651F618F302940022151B /* PAYMessageInterceptor.m */,
				379651CC18F2F1650022151B /* UIView+PAYKeyboardHandling_protected.h */,
				379651CD18F2F1650022151B /* UIView+PAYKeyboardHandling.m */,
				379651F818F3035A0022151B /* UIColor+PAYHex.h */,
				379651F918F3035A0022151B /* UIColor+PAYHex.m */,
				C39503581AD7B6BD0067CF7C /* theming */,
				3709CE601920DFAB0077BAFF /* PAYValidation.h */,
				3709CE611920DFAB0077BAFF /* PAYValidation.m */,
			);
			path = utils;
			sourceTree = "<group>";
		};
		37A73CF119743D2700381DC9 /* privateProtocols */ = {
			isa = PBXGroup;
			children = (
				37A73CF319743D2700381DC9 /* PAYNotifications.h */,
				37A73CF419743D2700381DC9 /* PAYNotifications.m */,
			);
			path = privateProtocols;
			sourceTree = "<group>";
		};
		37A73CFA19743D4200381DC9 /* errorHandling */ = {
			isa = PBXGroup;
			children = (
				37A73D171974600900381DC9 /* PAYErrorCodes.h */,
				37A73D181974600900381DC9 /* PAYErrorCodes.m */,
				37A73CFB19743D4200381DC9 /* NSError+PAYComfort.h */,
				37A73CFC19743D4200381DC9 /* NSError+PAYComfort.m */,
				37A73CFD19743D4200381DC9 /* PAYFormDefaultErrorHandler.h */,
				37A73D1019743FB400381DC9 /* PAYFormDefaultErrorHandler_protected.h */,
				37A73CFE19743D4200381DC9 /* PAYFormDefaultErrorHandler.m */,
				37A73D1319745FCF00381DC9 /* PAYFormErrorMessage.h */,
				37A73D11197445F800381DC9 /* PAYFormErrorMessage_protected.h */,
				37A73D1419745FCF00381DC9 /* PAYFormErrorMessage.m */,
				37A73CFF19743D4200381DC9 /* PAYFormView+PAYFormDefaultErrorHandler.h */,
				37A73D0019743D4200381DC9 /* PAYFormView+PAYFormDefaultErrorHandler.m */,
				37A73D0119743D4200381DC9 /* PAYFormView+PAYFormDefaultErrorHandlerProtected.h */,
				37A73D0219743D4200381DC9 /* PAYFormView+PAYFormDefaultErrorHandlerProtected.m */,
			);
			name = errorHandling;
			path = PAYFormBuilder/errorHandling;
			sourceTree = SOURCE_ROOT;
		};
		37A73D1B1974601D00381DC9 /* builder */ = {
			isa = PBXGroup;
			children = (
				C32293CB1ADECB08007E8252 /* PAYFormCellBuilder.h */,
				C32293CC1ADECB08007E8252 /* PAYFormCellBuilder.m */,
				37A73D241974601D00381DC9 /* PAYFormTableBuilder.h */,
				37A73D211974601D00381DC9 /* PAYFormTableBuilder_protected.h */,
				37A73D221974601D00381DC9 /* PAYFormTableBuilder.m */,
				37A73D231974601D00381DC9 /* PAYFormSectionBuilder.h */,
				37A73D1F1974601D00381DC9 /* PAYFormSectionBuilder_protected.h */,
				37A73D201974601D00381DC9 /* PAYFormSectionBuilder.m */,
				37A73D1C1974601D00381DC9 /* PAYFormButtonGroupBuilder.h */,
				37A73D1D1974601D00381DC9 /* PAYFormButtonGroupBuilder_protected.h */,
				37A73D1E1974601D00381DC9 /* PAYFormButtonGroupBuilder.m */,
			);
			path = builder;
			sourceTree = "<group>";
		};
		8833E89C7CBC5FB17266CDDF /* Pods */ = {
			isa = PBXGroup;
			children = (
				D86196D26711FD2A41EBC5A9 /* Pods-PAYFormBuilder.debug.xcconfig */,
				F0764EA0B93FE161F590044A /* Pods-PAYFormBuilder.release.xcconfig */,
			);
			name = Pods;
			sourceTree = "<group>";
		};
		C39503581AD7B6BD0067CF7C /* theming */ = {
			isa = PBXGroup;
			children = (
				C39503591AD7B6BD0067CF7C /* defaults */,
				C39503621AD7B6BD0067CF7C /* PAYLabelTheme.h */,
				C39503631AD7B6BD0067CF7C /* PAYSectionTheme.h */,
				C39503641AD7B6BD0067CF7C /* PAYStyle.h */,
				C39503651AD7B6BD0067CF7C /* PAYStyle.m */,
				C39503661AD7B6BD0067CF7C /* PAYTableTheme.h */,
			);
			path = theming;
			sourceTree = "<group>";
		};
		C39503591AD7B6BD0067CF7C /* defaults */ = {
			isa = PBXGroup;
			children = (
				C395035A1AD7B6BD0067CF7C /* PAYDefaultLabelThemeContainer.h */,
				C395035B1AD7B6BD0067CF7C /* PAYDefaultLabelThemeContainer.m */,
				C395035C1AD7B6BD0067CF7C /* PAYDefaultSectionTheme.h */,
				C395035D1AD7B6BD0067CF7C /* PAYDefaultSectionTheme.m */,
				C395035E1AD7B6BD0067CF7C /* PAYDefaultTableTheme.h */,
				C395035F1AD7B6BD0067CF7C /* PAYDefaultTableTheme.m */,
			);
			path = defaults;
			sourceTree = "<group>";
		};
/* End PBXGroup section */

/* Begin PBXHeadersBuildPhase section */
		37783E3018F42DB700C53D54 /* Headers */ = {
			isa = PBXHeadersBuildPhase;
			buildActionMask = 2147483647;
			files = (
				374F214E19D99F6200217AD7 /* PAYFormBuilder.h in Headers */,
				C39503711AD7B6BD0067CF7C /* PAYSectionTheme.h in Headers */,
				374F214F19D99F6600217AD7 /* PAYFormTableViewController.h in Headers */,
				37A73D2D1974601D00381DC9 /* PAYFormTableBuilder.h in Headers */,
				374F215C19D9A05100217AD7 /* PAYFormSectionBuilder.h in Headers */,
				37A73D251974601D00381DC9 /* PAYFormButtonGroupBuilder.h in Headers */,
				37A73D191974600900381DC9 /* PAYErrorCodes.h in Headers */,
				37A73D0319743D4200381DC9 /* NSError+PAYComfort.h in Headers */,
				37A73D0519743D4200381DC9 /* PAYFormDefaultErrorHandler.h in Headers */,
				37A73D1519745FCF00381DC9 /* PAYFormErrorMessage.h in Headers */,
				37A73D0719743D4200381DC9 /* PAYFormView+PAYFormDefaultErrorHandler.h in Headers */,
				374F215119D99FBC00217AD7 /* PAYFormTable.h in Headers */,
				374F215219D99FBF00217AD7 /* PAYFormSection.h in Headers */,
				374F215319D99FC200217AD7 /* PAYFormView.h in Headers */,
				C39503741AD7B6BD0067CF7C /* PAYTableTheme.h in Headers */,
				374F215419D99FC700217AD7 /* PAYFormField.h in Headers */,
				374F215519D99FCA00217AD7 /* PAYFormTextField.h in Headers */,
				C39503701AD7B6BD0067CF7C /* PAYLabelTheme.h in Headers */,
				C395036A1AD7B6BD0067CF7C /* PAYDefaultSectionTheme.h in Headers */,
				374F215619D99FCE00217AD7 /* PAYFormSingleLineTextField.h in Headers */,
				374F215719D99FD200217AD7 /* PAYFormMultiLineTextField.h in Headers */,
				374F215819D99FD700217AD7 /* PAYFormButton.h in Headers */,
				37AF34A818F8175B00848D49 /* PAYFormButtonGroup.h in Headers */,
				C39503681AD7B6BD0067CF7C /* PAYDefaultLabelThemeContainer.h in Headers */,
				37AF34B418F8560300848D49 /* PAYFormSwitch.h in Headers */,
				374F215919D99FE200217AD7 /* PAYFormHeader.h in Headers */,
				C31424BE1ACD7BFC00B7005D /* PAYSwitch.h in Headers */,
				C39503721AD7B6BD0067CF7C /* PAYStyle.h in Headers */,
				3709CE621920DFAB0077BAFF /* PAYValidation.h in Headers */,
				C395036C1AD7B6BD0067CF7C /* PAYDefaultTableTheme.h in Headers */,
				374F216419D9A09100217AD7 /* PAYFormTableView.h in Headers */,
				374F216519D9A09300217AD7 /* PAYTextLabel.h in Headers */,
				375DAD70190F052600F4A41D /* PAYHeaderView.h in Headers */,
				C32293CD1ADECB08007E8252 /* PAYFormCellBuilder.h in Headers */,
				374F216719D9A0AD00217AD7 /* UIColor+PAYHex.h in Headers */,
				37E4CE341A093B8000F342A8 /* PAYFormRow.h in Headers */,
				37E4CE351A093B8000F342A8 /* PAYValidatableFormCell.h in Headers */,
				37A73CF719743D2700381DC9 /* PAYNotifications.h in Headers */,
				37A73D2A1974601D00381DC9 /* PAYFormTableBuilder_protected.h in Headers */,
				37A73D281974601D00381DC9 /* PAYFormSectionBuilder_protected.h in Headers */,
				37A73D261974601D00381DC9 /* PAYFormButtonGroupBuilder_protected.h in Headers */,
				374F215A19D9A02700217AD7 /* PAYFormDefaultErrorHandler_protected.h in Headers */,
				37A73D0919743D4200381DC9 /* PAYFormView+PAYFormDefaultErrorHandlerProtected.h in Headers */,
				374F215D19D9A06D00217AD7 /* PAYFormView_protected.h in Headers */,
				374F215E19D9A07100217AD7 /* PAYFormField_protected.h in Headers */,
				374F215F19D9A07400217AD7 /* PAYFormSingleLineTextField_protected.h in Headers */,
				374F216019D9A07700217AD7 /* PAYFormMultiLineTextField_protected.h in Headers */,
				374F216119D9A07B00217AD7 /* PAYFormButtonGroup_protected.h in Headers */,
				374F216219D9A07E00217AD7 /* PAYFormSwitch_protected.h in Headers */,
				374F216319D9A08200217AD7 /* PAYFormHeader_protected.h in Headers */,
				374F216619D9A0A700217AD7 /* UIView+PAYKeyboardHandling_protected.h in Headers */,
				374F216819D9A0B200217AD7 /* PAYMessageInterceptor_protected.h in Headers */,
			);
			runOnlyForDeploymentPostprocessing = 0;
		};
/* End PBXHeadersBuildPhase section */

/* Begin PBXNativeTarget section */
		3796517C18F2F1350022151B /* PAYFormBuilder */ = {
			isa = PBXNativeTarget;
			buildConfigurationList = 379651A018F2F1350022151B /* Build configuration list for PBXNativeTarget "PAYFormBuilder" */;
			buildPhases = (
				498E379C63194778962B0D80 /* Check Pods Manifest.lock */,
				3796517918F2F1350022151B /* Sources */,
				3796517A18F2F1350022151B /* Frameworks */,
				3796517B18F2F1350022151B /* CopyFiles */,
				CE11EF09E7A9485EB97333AD /* Copy Pods Resources */,
				37783E3018F42DB700C53D54 /* Headers */,
			);
			buildRules = (
			);
			dependencies = (
			);
			name = PAYFormBuilder;
			productName = PAYFormBuilder;
			productReference = 3796517D18F2F1350022151B /* libPAYFormBuilder.a */;
			productType = "com.apple.product-type.library.static";
		};
		3796518C18F2F1350022151B /* PAYFormBuilderTests */ = {
			isa = PBXNativeTarget;
			buildConfigurationList = 379651A318F2F1350022151B /* Build configuration list for PBXNativeTarget "PAYFormBuilderTests" */;
			buildPhases = (
				3796518918F2F1350022151B /* Sources */,
				3796518A18F2F1350022151B /* Frameworks */,
				3796518B18F2F1350022151B /* Resources */,
			);
			buildRules = (
			);
			dependencies = (
				3796519418F2F1350022151B /* PBXTargetDependency */,
			);
			name = PAYFormBuilderTests;
			productName = PAYFormBuilderTests;
			productReference = 3796518D18F2F1350022151B /* PAYFormBuilderTests.xctest */;
			productType = "com.apple.product-type.bundle.unit-test";
		};
/* End PBXNativeTarget section */

/* Begin PBXProject section */
		3796517518F2F1350022151B /* Project object */ = {
			isa = PBXProject;
			attributes = {
				LastUpgradeCheck = 0510;
				ORGANIZATIONNAME = Paij;
			};
			buildConfigurationList = 3796517818F2F1350022151B /* Build configuration list for PBXProject "PAYFormBuilder" */;
			compatibilityVersion = "Xcode 3.2";
			developmentRegion = English;
			hasScannedForEncodings = 0;
			knownRegions = (
				en,
			);
			mainGroup = 3796517418F2F1350022151B;
			productRefGroup = 3796517E18F2F1350022151B /* Products */;
			projectDirPath = "";
			projectRoot = "";
			targets = (
				3796517C18F2F1350022151B /* PAYFormBuilder */,
				3796518C18F2F1350022151B /* PAYFormBuilderTests */,
			);
		};
/* End PBXProject section */

/* Begin PBXResourcesBuildPhase section */
		3796518B18F2F1350022151B /* Resources */ = {
			isa = PBXResourcesBuildPhase;
			buildActionMask = 2147483647;
			files = (
				3796519B18F2F1350022151B /* InfoPlist.strings in Resources */,
			);
			runOnlyForDeploymentPostprocessing = 0;
		};
/* End PBXResourcesBuildPhase section */

/* Begin PBXShellScriptBuildPhase section */
		498E379C63194778962B0D80 /* Check Pods Manifest.lock */ = {
			isa = PBXShellScriptBuildPhase;
			buildActionMask = 2147483647;
			files = (
			);
			inputPaths = (
			);
			name = "Check Pods Manifest.lock";
			outputPaths = (
			);
			runOnlyForDeploymentPostprocessing = 0;
			shellPath = /bin/sh;
			shellScript = "diff \"${PODS_ROOT}/../Podfile.lock\" \"${PODS_ROOT}/Manifest.lock\" > /dev/null\nif [[ $? != 0 ]] ; then\n    cat << EOM\nerror: The sandbox is not in sync with the Podfile.lock. Run 'pod install' or update your CocoaPods installation.\nEOM\n    exit 1\nfi\n";
			showEnvVarsInLog = 0;
		};
		CE11EF09E7A9485EB97333AD /* Copy Pods Resources */ = {
			isa = PBXShellScriptBuildPhase;
			buildActionMask = 2147483647;
			files = (
			);
			inputPaths = (
			);
			name = "Copy Pods Resources";
			outputPaths = (
			);
			runOnlyForDeploymentPostprocessing = 0;
			shellPath = /bin/sh;
			shellScript = "\"${SRCROOT}/Pods/Target Support Files/Pods-PAYFormBuilder/Pods-PAYFormBuilder-resources.sh\"\n";
			showEnvVarsInLog = 0;
		};
/* End PBXShellScriptBuildPhase section */

/* Begin PBXSourcesBuildPhase section */
		3796517918F2F1350022151B /* Sources */ = {
			isa = PBXSourcesBuildPhase;
			buildActionMask = 2147483647;
			files = (
				379651DC18F2F1650022151B /* PAYFormMultiLineTextField.m in Sources */,
				379651E218F2F1650022151B /* UIView+PAYKeyboardHandling.m in Sources */,
				3709CE631920DFAB0077BAFF /* PAYValidation.m in Sources */,
				C39503691AD7B6BD0067CF7C /* PAYDefaultLabelThemeContainer.m in Sources */,
				379651D818F2F1650022151B /* PAYFormTableViewController.m in Sources */,
				37A73D0419743D4200381DC9 /* NSError+PAYComfort.m in Sources */,
				37A73D2B1974601D00381DC9 /* PAYFormTableBuilder.m in Sources */,
				379651FA18F3035A0022151B /* UIColor+PAYHex.m in Sources */,
				379651DE18F2F1650022151B /* PAYFormSingleLineTextField.m in Sources */,
				37AF34B518F8560300848D49 /* PAYFormSwitch.m in Sources */,
				C395036B1AD7B6BD0067CF7C /* PAYDefaultSectionTheme.m in Sources */,
				C31424BF1ACD7BFC00B7005D /* PAYSwitch.m in Sources */,
				375DAD71190F052600F4A41D /* PAYHeaderView.m in Sources */,
				C39503731AD7B6BD0067CF7C /* PAYStyle.m in Sources */,
				37A73D1A1974600900381DC9 /* PAYErrorCodes.m in Sources */,
				379651DB18F2F1650022151B /* PAYFormHeader.m in Sources */,
				379651E018F2F1650022151B /* PAYFormTextField.m in Sources */,
				37A73D1619745FCF00381DC9 /* PAYFormErrorMessage.m in Sources */,
				37A73D271974601D00381DC9 /* PAYFormButtonGroupBuilder.m in Sources */,
				37A73D0619743D4200381DC9 /* PAYFormDefaultErrorHandler.m in Sources */,
				379651DD18F2F1650022151B /* PAYFormSection.m in Sources */,
				37AF34A918F8175B00848D49 /* PAYFormButtonGroup.m in Sources */,
				C395036D1AD7B6BD0067CF7C /* PAYDefaultTableTheme.m in Sources */,
				C32293CE1ADECB08007E8252 /* PAYFormCellBuilder.m in Sources */,
				37A73D0819743D4200381DC9 /* PAYFormView+PAYFormDefaultErrorHandler.m in Sources */,
				37A73CF819743D2700381DC9 /* PAYNotifications.m in Sources */,
				379651F718F302940022151B /* PAYMessageInterceptor.m in Sources */,
				379651E118F2F1650022151B /* PAYFormView.m in Sources */,
				37A73D0A19743D4200381DC9 /* PAYFormView+PAYFormDefaultErrorHandlerProtected.m in Sources */,
				379651E618F2F1650022151B /* PAYTextLabel.m in Sources */,
				379651DA18F2F1650022151B /* PAYFormField.m in Sources */,
				379651DF18F2F1650022151B /* PAYFormTable.m in Sources */,
				379651D918F2F1650022151B /* PAYFormButton.m in Sources */,
				379651E518F2F1650022151B /* PAYFormTableView.m in Sources */,
				C31424BB1ACD7ADA00B7005D /* PAYFormSectionBuilder.m in Sources */,
			);
			runOnlyForDeploymentPostprocessing = 0;
		};
		3796518918F2F1350022151B /* Sources */ = {
			isa = PBXSourcesBuildPhase;
			buildActionMask = 2147483647;
			files = (
				3796519D18F2F1350022151B /* PAYFormBuilderTests.m in Sources */,
			);
			runOnlyForDeploymentPostprocessing = 0;
		};
/* End PBXSourcesBuildPhase section */

/* Begin PBXTargetDependency section */
		3796519418F2F1350022151B /* PBXTargetDependency */ = {
			isa = PBXTargetDependency;
			target = 3796517C18F2F1350022151B /* PAYFormBuilder */;
			targetProxy = 3796519318F2F1350022151B /* PBXContainerItemProxy */;
		};
/* End PBXTargetDependency section */

/* Begin PBXVariantGroup section */
		3796519918F2F1350022151B /* InfoPlist.strings */ = {
			isa = PBXVariantGroup;
			children = (
				3796519A18F2F1350022151B /* en */,
			);
			name = InfoPlist.strings;
			sourceTree = "<group>";
		};
/* End PBXVariantGroup section */

/* Begin XCBuildConfiguration section */
		3796519E18F2F1350022151B /* Debug */ = {
			isa = XCBuildConfiguration;
			buildSettings = {
				ALWAYS_SEARCH_USER_PATHS = NO;
				CLANG_CXX_LANGUAGE_STANDARD = "gnu++0x";
				CLANG_CXX_LIBRARY = "libc++";
				CLANG_ENABLE_MODULES = YES;
				CLANG_ENABLE_OBJC_ARC = YES;
				CLANG_WARN_BOOL_CONVERSION = YES;
				CLANG_WARN_CONSTANT_CONVERSION = YES;
				CLANG_WARN_DIRECT_OBJC_ISA_USAGE = YES_ERROR;
				CLANG_WARN_EMPTY_BODY = YES;
				CLANG_WARN_ENUM_CONVERSION = YES;
				CLANG_WARN_INT_CONVERSION = YES;
				CLANG_WARN_OBJC_ROOT_CLASS = YES_ERROR;
				CLANG_WARN__DUPLICATE_METHOD_MATCH = YES;
				COPY_PHASE_STRIP = NO;
				GCC_C_LANGUAGE_STANDARD = gnu99;
				GCC_DYNAMIC_NO_PIC = NO;
				GCC_OPTIMIZATION_LEVEL = 0;
				GCC_PREPROCESSOR_DEFINITIONS = (
					"DEBUG=1",
					"$(inherited)",
				);
				GCC_SYMBOLS_PRIVATE_EXTERN = NO;
				GCC_WARN_64_TO_32_BIT_CONVERSION = YES;
				GCC_WARN_ABOUT_RETURN_TYPE = YES_ERROR;
				GCC_WARN_UNDECLARED_SELECTOR = YES;
				GCC_WARN_UNINITIALIZED_AUTOS = YES_AGGRESSIVE;
				GCC_WARN_UNUSED_FUNCTION = YES;
				GCC_WARN_UNUSED_VARIABLE = YES;
				IPHONEOS_DEPLOYMENT_TARGET = 7.1;
				ONLY_ACTIVE_ARCH = YES;
				SDKROOT = iphoneos;
			};
			name = Debug;
		};
		3796519F18F2F1350022151B /* Release */ = {
			isa = XCBuildConfiguration;
			buildSettings = {
				ALWAYS_SEARCH_USER_PATHS = NO;
				CLANG_CXX_LANGUAGE_STANDARD = "gnu++0x";
				CLANG_CXX_LIBRARY = "libc++";
				CLANG_ENABLE_MODULES = YES;
				CLANG_ENABLE_OBJC_ARC = YES;
				CLANG_WARN_BOOL_CONVERSION = YES;
				CLANG_WARN_CONSTANT_CONVERSION = YES;
				CLANG_WARN_DIRECT_OBJC_ISA_USAGE = YES_ERROR;
				CLANG_WARN_EMPTY_BODY = YES;
				CLANG_WARN_ENUM_CONVERSION = YES;
				CLANG_WARN_INT_CONVERSION = YES;
				CLANG_WARN_OBJC_ROOT_CLASS = YES_ERROR;
				CLANG_WARN__DUPLICATE_METHOD_MATCH = YES;
				COPY_PHASE_STRIP = YES;
				ENABLE_NS_ASSERTIONS = NO;
				GCC_C_LANGUAGE_STANDARD = gnu99;
				GCC_WARN_64_TO_32_BIT_CONVERSION = YES;
				GCC_WARN_ABOUT_RETURN_TYPE = YES_ERROR;
				GCC_WARN_UNDECLARED_SELECTOR = YES;
				GCC_WARN_UNINITIALIZED_AUTOS = YES_AGGRESSIVE;
				GCC_WARN_UNUSED_FUNCTION = YES;
				GCC_WARN_UNUSED_VARIABLE = YES;
				IPHONEOS_DEPLOYMENT_TARGET = 7.1;
				SDKROOT = iphoneos;
				VALIDATE_PRODUCT = YES;
			};
			name = Release;
		};
		379651A118F2F1350022151B /* Debug */ = {
			isa = XCBuildConfiguration;
			baseConfigurationReference = D86196D26711FD2A41EBC5A9 /* Pods-PAYFormBuilder.debug.xcconfig */;
			buildSettings = {
				DSTROOT = /tmp/PAYFormBuilder.dst;
				GCC_PRECOMPILE_PREFIX_HEADER = YES;
				GCC_PREFIX_HEADER = "PAYFormBuilder/PAYFormBuilder-Prefix.pch";
				HEADER_SEARCH_PATHS = "$(inherited)";
				LIBRARY_SEARCH_PATHS = (
					"$(inherited)",
					"$(PROJECT_DIR)/Pods/build/Debug-iphoneos",
				);
				OTHER_LDFLAGS = "$(inherited)";
				PRODUCT_NAME = "$(TARGET_NAME)";
				SKIP_INSTALL = YES;
			};
			name = Debug;
		};
		379651A218F2F1350022151B /* Release */ = {
			isa = XCBuildConfiguration;
			baseConfigurationReference = F0764EA0B93FE161F590044A /* Pods-PAYFormBuilder.release.xcconfig */;
			buildSettings = {
				DSTROOT = /tmp/PAYFormBuilder.dst;
				GCC_PRECOMPILE_PREFIX_HEADER = YES;
				GCC_PREFIX_HEADER = "PAYFormBuilder/PAYFormBuilder-Prefix.pch";
				HEADER_SEARCH_PATHS = "$(inherited)";
				LIBRARY_SEARCH_PATHS = (
					"$(inherited)",
					"$(PROJECT_DIR)/Pods/build/Debug-iphoneos",
				);
				OTHER_LDFLAGS = "$(inherited)";
				PRODUCT_NAME = "$(TARGET_NAME)";
				SKIP_INSTALL = YES;
			};
			name = Release;
		};
		379651A418F2F1350022151B /* Debug */ = {
			isa = XCBuildConfiguration;
			buildSettings = {
				FRAMEWORK_SEARCH_PATHS = (
					"$(SDKROOT)/Developer/Library/Frameworks",
					"$(inherited)",
					"$(DEVELOPER_FRAMEWORKS_DIR)",
				);
				GCC_PRECOMPILE_PREFIX_HEADER = YES;
				GCC_PREFIX_HEADER = "PAYFormBuilder/PAYFormBuilder-Prefix.pch";
				GCC_PREPROCESSOR_DEFINITIONS = (
					"DEBUG=1",
					"$(inherited)",
				);
				INFOPLIST_FILE = "PAYFormBuilderTests/PAYFormBuilderTests-Info.plist";
				PRODUCT_NAME = "$(TARGET_NAME)";
				WRAPPER_EXTENSION = xctest;
			};
			name = Debug;
		};
		379651A518F2F1350022151B /* Release */ = {
			isa = XCBuildConfiguration;
			buildSettings = {
				FRAMEWORK_SEARCH_PATHS = (
					"$(SDKROOT)/Developer/Library/Frameworks",
					"$(inherited)",
					"$(DEVELOPER_FRAMEWORKS_DIR)",
				);
				GCC_PRECOMPILE_PREFIX_HEADER = YES;
				GCC_PREFIX_HEADER = "PAYFormBuilder/PAYFormBuilder-Prefix.pch";
				INFOPLIST_FILE = "PAYFormBuilderTests/PAYFormBuilderTests-Info.plist";
				PRODUCT_NAME = "$(TARGET_NAME)";
				WRAPPER_EXTENSION = xctest;
			};
			name = Release;
		};
/* End XCBuildConfiguration section */

/* Begin XCConfigurationList section */
		3796517818F2F1350022151B /* Build configuration list for PBXProject "PAYFormBuilder" */ = {
			isa = XCConfigurationList;
			buildConfigurations = (
				3796519E18F2F1350022151B /* Debug */,
				3796519F18F2F1350022151B /* Release */,
			);
			defaultConfigurationIsVisible = 0;
			defaultConfigurationName = Release;
		};
		379651A018F2F1350022151B /* Build configuration list for PBXNativeTarget "PAYFormBuilder" */ = {
			isa = XCConfigurationList;
			buildConfigurations = (
				379651A118F2F1350022151B /* Debug */,
				379651A218F2F1350022151B /* Release */,
			);
			defaultConfigurationIsVisible = 0;
			defaultConfigurationName = Release;
		};
		379651A318F2F1350022151B /* Build configuration list for PBXNativeTarget "PAYFormBuilderTests" */ = {
			isa = XCConfigurationList;
			buildConfigurations = (
				379651A418F2F1350022151B /* Debug */,
				379651A518F2F1350022151B /* Release */,
			);
			defaultConfigurationIsVisible = 0;
			defaultConfigurationName = Release;
		};
/* End XCConfigurationList section */
	};
	rootObject = 3796517518F2F1350022151B /* Project object */;
}
